version = 1
revision = 3
requires-python = ">=3.13"

[[package]]
name = "janome"
version = "0.5.0"
source = { registry = "https://pypi.org/simple" }
sdist = { url = "https://files.pythonhosted.org/packages/08/4e/dc2b1a89a4ffafbf9bf49c8e11f69e28ba8b3ef81d11afe6e9f96caee6cc/Janome-0.5.0.tar.gz", hash = "sha256:ce4a3ed7a4635c2f80139639327d5b1e0381858ad74a3c4a61e8cc83f820400e", size = 18829020, upload-time = "2023-07-01T10:53:09.161Z" }
wheels = [
    { url = "https://files.pythonhosted.org/packages/73/7d/70f4069f4bbf0fca023e82a1fbbade6f5216365d4fe259fee1950723eca5/Janome-0.5.0-py2.py3-none-any.whl", hash = "sha256:d098670394a77881ce2f6b7d696c0ea5ff74c0c8cf74a8a882159ec82c0e6dc7", size = 19654103, upload-time = "2023-07-01T10:52:58.572Z" },
]

[[package]]
name = "jieba"
version = "0.42.1"
source = { registry = "https://pypi.org/simple" }
sdist = { url = "https://files.pythonhosted.org/packages/c6/cb/18eeb235f833b726522d7ebed54f2278ce28ba9438e3135ab0278d9792a2/jieba-0.42.1.tar.gz", hash = "sha256:055ca12f62674fafed09427f176506079bc135638a14e23e25be909131928db2", size = 19214172, upload-time = "2020-01-20T14:27:23.5Z" }

[[package]]
name = "nlp"
version = "0.1.0"
source = { virtual = "." }
dependencies = [
    { name = "janome" },
    { name = "jieba" },
]

[package.metadata]
requires-dist = [
    { name = "janome", specifier = ">=0.5.0" },
    { name = "jieba", specifier = ">=0.42.1" },
]
